// !$*UTF8*$!
{
	archiveVersion = 1;
	classes = {
	};
	objectVersion = 55;
	objects = {

/* Begin PBXBuildFile section */
		7E494325273D94D000A58E40 /* AppDelegate.swift in Sources */ = {isa = PBXBuildFile; fileRef = 7E494324273D94D000A58E40 /* AppDelegate.swift */; };
		7E494327273D94D000A58E40 /* SceneDelegate.swift in Sources */ = {isa = PBXBuildFile; fileRef = 7E494326273D94D000A58E40 /* SceneDelegate.swift */; };
		7E49432C273D94D000A58E40 /* Main.storyboard in Resources */ = {isa = PBXBuildFile; fileRef = 7E49432A273D94D000A58E40 /* Main.storyboard */; };
		7E49432E273D94D200A58E40 /* Assets.xcassets in Resources */ = {isa = PBXBuildFile; fileRef = 7E49432D273D94D200A58E40 /* Assets.xcassets */; };
		7E494331273D94D200A58E40 /* LaunchScreen.storyboard in Resources */ = {isa = PBXBuildFile; fileRef = 7E49432F273D94D200A58E40 /* LaunchScreen.storyboard */; };
		7E494346273D94D200A58E40 /* Qardio_flickrUITests.swift in Sources */ = {isa = PBXBuildFile; fileRef = 7E494345273D94D200A58E40 /* Qardio_flickrUITests.swift */; };
		7E494348273D94D200A58E40 /* Qardio_flickrUITestsLaunchTests.swift in Sources */ = {isa = PBXBuildFile; fileRef = 7E494347273D94D200A58E40 /* Qardio_flickrUITestsLaunchTests.swift */; };
		7E494357273D9AE500A58E40 /* Service.swift in Sources */ = {isa = PBXBuildFile; fileRef = 7E494356273D9AE500A58E40 /* Service.swift */; };
		7E49435A273DA86E00A58E40 /* Result.swift in Sources */ = {isa = PBXBuildFile; fileRef = 7E494359273DA86E00A58E40 /* Result.swift */; };
		7E49435C273DADED00A58E40 /* APIError.swift in Sources */ = {isa = PBXBuildFile; fileRef = 7E49435B273DADED00A58E40 /* APIError.swift */; };
		7E494362273DE7B900A58E40 /* RequestBuilder.swift in Sources */ = {isa = PBXBuildFile; fileRef = 7E494361273DE7B900A58E40 /* RequestBuilder.swift */; };
		7E494365273E9AA200A58E40 /* FlickrItem.swift in Sources */ = {isa = PBXBuildFile; fileRef = 7E494364273E9AA200A58E40 /* FlickrItem.swift */; };
		7E494367273EB68700A58E40 /* ItemsRequestTest.swift in Sources */ = {isa = PBXBuildFile; fileRef = 7E494366273EB68700A58E40 /* ItemsRequestTest.swift */; };
		7E49436A273EB6E800A58E40 /* MockSession.swift in Sources */ = {isa = PBXBuildFile; fileRef = 7E494369273EB6E800A58E40 /* MockSession.swift */; };
		7E49436C273EB70C00A58E40 /* MockTask.swift in Sources */ = {isa = PBXBuildFile; fileRef = 7E49436B273EB70C00A58E40 /* MockTask.swift */; };
		7E49436E273ED9C100A58E40 /* URLSessionProtocol.swift in Sources */ = {isa = PBXBuildFile; fileRef = 7E49436D273ED9C100A58E40 /* URLSessionProtocol.swift */; };
		7E494370273ED9D300A58E40 /* URLDataTaskProtocol.swift in Sources */ = {isa = PBXBuildFile; fileRef = 7E49436F273ED9D300A58E40 /* URLDataTaskProtocol.swift */; };
		7E494372273EE98600A58E40 /* ItemsListMockService.swift in Sources */ = {isa = PBXBuildFile; fileRef = 7E494371273EE98600A58E40 /* ItemsListMockService.swift */; };
		7E494374273F055100A58E40 /* SearchItem.swift in Sources */ = {isa = PBXBuildFile; fileRef = 7E494373273F055100A58E40 /* SearchItem.swift */; };
		7E494378273F1DC200A58E40 /* Content.json in Resources */ = {isa = PBXBuildFile; fileRef = 7E494377273F1DC200A58E40 /* Content.json */; };
		7E49437A273F1F6500A58E40 /* PhotosData.swift in Sources */ = {isa = PBXBuildFile; fileRef = 7E494379273F1F6500A58E40 /* PhotosData.swift */; };
		7E49437E273F2DD900A58E40 /* SearchCollectionViewController.swift in Sources */ = {isa = PBXBuildFile; fileRef = 7E49437D273F2DD900A58E40 /* SearchCollectionViewController.swift */; };
		7E494381273F304900A58E40 /* SearchViewModel.swift in Sources */ = {isa = PBXBuildFile; fileRef = 7E494380273F304900A58E40 /* SearchViewModel.swift */; };
		7E494384273F3AB300A58E40 /* AppConfigration.swift in Sources */ = {isa = PBXBuildFile; fileRef = 7E494383273F3AB300A58E40 /* AppConfigration.swift */; };
		7E494387273F44CC00A58E40 /* SearchService.swift in Sources */ = {isa = PBXBuildFile; fileRef = 7E494386273F44CC00A58E40 /* SearchService.swift */; };
		7E49438A273FB16D00A58E40 /* DictionaryExtension.swift in Sources */ = {isa = PBXBuildFile; fileRef = 7E494389273FB16D00A58E40 /* DictionaryExtension.swift */; };
		7E49438E273FBF0700A58E40 /* ObjectValidator.swift in Sources */ = {isa = PBXBuildFile; fileRef = 7E49438D273FBF0700A58E40 /* ObjectValidator.swift */; };
		7E494391273FD04100A58E40 /* LoadingView.swift in Sources */ = {isa = PBXBuildFile; fileRef = 7E494390273FD04100A58E40 /* LoadingView.swift */; };
		7E494396273FE70600A58E40 /* FlickrItemCollectionViewCell.swift in Sources */ = {isa = PBXBuildFile; fileRef = 7E494395273FE70600A58E40 /* FlickrItemCollectionViewCell.swift */; };
		7E494398273FE73000A58E40 /* FlickrItemCollectionViewCell.xib in Resources */ = {isa = PBXBuildFile; fileRef = 7E494397273FE73000A58E40 /* FlickrItemCollectionViewCell.xib */; };
		7E49439B273FED9300A58E40 /* SDWebImage in Frameworks */ = {isa = PBXBuildFile; productRef = 7E49439A273FED9300A58E40 /* SDWebImage */; };
		7E49439D273FEE5900A58E40 /* StringExtension.swift in Sources */ = {isa = PBXBuildFile; fileRef = 7E49439C273FEE5900A58E40 /* StringExtension.swift */; };
		7E49439F274000BC00A58E40 /* SearchViewModelTest.swift in Sources */ = {isa = PBXBuildFile; fileRef = 7E49439E274000BC00A58E40 /* SearchViewModelTest.swift */; };
		7E4943A92740484900A58E40 /* LoadStatus.swift in Sources */ = {isa = PBXBuildFile; fileRef = 7E4943A82740484900A58E40 /* LoadStatus.swift */; };
		7E4943AB27405BB000A58E40 /* HistoryCell.swift in Sources */ = {isa = PBXBuildFile; fileRef = 7E4943AA27405BB000A58E40 /* HistoryCell.swift */; };
/* End PBXBuildFile section */

/* Begin PBXContainerItemProxy section */
		7E494338273D94D200A58E40 /* PBXContainerItemProxy */ = {
			isa = PBXContainerItemProxy;
			containerPortal = 7E494319273D94D000A58E40 /* Project object */;
			proxyType = 1;
			remoteGlobalIDString = 7E494320273D94D000A58E40;
			remoteInfo = "Qardio-flickr";
		};
		7E494342273D94D200A58E40 /* PBXContainerItemProxy */ = {
			isa = PBXContainerItemProxy;
			containerPortal = 7E494319273D94D000A58E40 /* Project object */;
			proxyType = 1;
			remoteGlobalIDString = 7E494320273D94D000A58E40;
			remoteInfo = "Qardio-flickr";
		};
/* End PBXContainerItemProxy section */

/* Begin PBXFileReference section */
		7E494321273D94D000A58E40 /* Qardio-flickr.app */ = {isa = PBXFileReference; explicitFileType = wrapper.application; includeInIndex = 0; path = "Qardio-flickr.app"; sourceTree = BUILT_PRODUCTS_DIR; };
		7E494324273D94D000A58E40 /* AppDelegate.swift */ = {isa = PBXFileReference; lastKnownFileType = sourcecode.swift; path = AppDelegate.swift; sourceTree = "<group>"; };
		7E494326273D94D000A58E40 /* SceneDelegate.swift */ = {isa = PBXFileReference; lastKnownFileType = sourcecode.swift; path = SceneDelegate.swift; sourceTree = "<group>"; };
		7E49432B273D94D000A58E40 /* Base */ = {isa = PBXFileReference; lastKnownFileType = file.storyboard; name = Base; path = Base.lproj/Main.storyboard; sourceTree = "<group>"; };
		7E49432D273D94D200A58E40 /* Assets.xcassets */ = {isa = PBXFileReference; lastKnownFileType = folder.assetcatalog; path = Assets.xcassets; sourceTree = "<group>"; };
		7E494330273D94D200A58E40 /* Base */ = {isa = PBXFileReference; lastKnownFileType = file.storyboard; name = Base; path = Base.lproj/LaunchScreen.storyboard; sourceTree = "<group>"; };
		7E494332273D94D200A58E40 /* Info.plist */ = {isa = PBXFileReference; lastKnownFileType = text.plist.xml; path = Info.plist; sourceTree = "<group>"; };
		7E494337273D94D200A58E40 /* Qardio-flickrTests.xctest */ = {isa = PBXFileReference; explicitFileType = wrapper.cfbundle; includeInIndex = 0; path = "Qardio-flickrTests.xctest"; sourceTree = BUILT_PRODUCTS_DIR; };
		7E494341273D94D200A58E40 /* Qardio-flickrUITests.xctest */ = {isa = PBXFileReference; explicitFileType = wrapper.cfbundle; includeInIndex = 0; path = "Qardio-flickrUITests.xctest"; sourceTree = BUILT_PRODUCTS_DIR; };
		7E494345273D94D200A58E40 /* Qardio_flickrUITests.swift */ = {isa = PBXFileReference; lastKnownFileType = sourcecode.swift; path = Qardio_flickrUITests.swift; sourceTree = "<group>"; };
		7E494347273D94D200A58E40 /* Qardio_flickrUITestsLaunchTests.swift */ = {isa = PBXFileReference; lastKnownFileType = sourcecode.swift; path = Qardio_flickrUITestsLaunchTests.swift; sourceTree = "<group>"; };
		7E494356273D9AE500A58E40 /* Service.swift */ = {isa = PBXFileReference; lastKnownFileType = sourcecode.swift; path = Service.swift; sourceTree = "<group>"; };
		7E494359273DA86E00A58E40 /* Result.swift */ = {isa = PBXFileReference; lastKnownFileType = sourcecode.swift; path = Result.swift; sourceTree = "<group>"; };
		7E49435B273DADED00A58E40 /* APIError.swift */ = {isa = PBXFileReference; lastKnownFileType = sourcecode.swift; path = APIError.swift; sourceTree = "<group>"; };
		7E494361273DE7B900A58E40 /* RequestBuilder.swift */ = {isa = PBXFileReference; lastKnownFileType = sourcecode.swift; path = RequestBuilder.swift; sourceTree = "<group>"; };
		7E494364273E9AA200A58E40 /* FlickrItem.swift */ = {isa = PBXFileReference; lastKnownFileType = sourcecode.swift; path = FlickrItem.swift; sourceTree = "<group>"; };
		7E494366273EB68700A58E40 /* ItemsRequestTest.swift */ = {isa = PBXFileReference; lastKnownFileType = sourcecode.swift; path = ItemsRequestTest.swift; sourceTree = "<group>"; };
		7E494369273EB6E800A58E40 /* MockSession.swift */ = {isa = PBXFileReference; lastKnownFileType = sourcecode.swift; path = MockSession.swift; sourceTree = "<group>"; };
		7E49436B273EB70C00A58E40 /* MockTask.swift */ = {isa = PBXFileReference; lastKnownFileType = sourcecode.swift; path = MockTask.swift; sourceTree = "<group>"; };
		7E49436D273ED9C100A58E40 /* URLSessionProtocol.swift */ = {isa = PBXFileReference; lastKnownFileType = sourcecode.swift; path = URLSessionProtocol.swift; sourceTree = "<group>"; };
		7E49436F273ED9D300A58E40 /* URLDataTaskProtocol.swift */ = {isa = PBXFileReference; lastKnownFileType = sourcecode.swift; path = URLDataTaskProtocol.swift; sourceTree = "<group>"; };
		7E494371273EE98600A58E40 /* ItemsListMockService.swift */ = {isa = PBXFileReference; lastKnownFileType = sourcecode.swift; path = ItemsListMockService.swift; sourceTree = "<group>"; };
		7E494373273F055100A58E40 /* SearchItem.swift */ = {isa = PBXFileReference; lastKnownFileType = sourcecode.swift; path = SearchItem.swift; sourceTree = "<group>"; };
		7E494377273F1DC200A58E40 /* Content.json */ = {isa = PBXFileReference; fileEncoding = 4; lastKnownFileType = text.json; path = Content.json; sourceTree = "<group>"; };
		7E494379273F1F6500A58E40 /* PhotosData.swift */ = {isa = PBXFileReference; lastKnownFileType = sourcecode.swift; path = PhotosData.swift; sourceTree = "<group>"; };
		7E49437D273F2DD900A58E40 /* SearchCollectionViewController.swift */ = {isa = PBXFileReference; lastKnownFileType = sourcecode.swift; path = SearchCollectionViewController.swift; sourceTree = "<group>"; };
		7E494380273F304900A58E40 /* SearchViewModel.swift */ = {isa = PBXFileReference; lastKnownFileType = sourcecode.swift; path = SearchViewModel.swift; sourceTree = "<group>"; };
		7E494383273F3AB300A58E40 /* AppConfigration.swift */ = {isa = PBXFileReference; lastKnownFileType = sourcecode.swift; path = AppConfigration.swift; sourceTree = "<group>"; };
		7E494386273F44CC00A58E40 /* SearchService.swift */ = {isa = PBXFileReference; lastKnownFileType = sourcecode.swift; path = SearchService.swift; sourceTree = "<group>"; };
		7E494389273FB16D00A58E40 /* DictionaryExtension.swift */ = {isa = PBXFileReference; lastKnownFileType = sourcecode.swift; path = DictionaryExtension.swift; sourceTree = "<group>"; };
		7E49438D273FBF0700A58E40 /* ObjectValidator.swift */ = {isa = PBXFileReference; lastKnownFileType = sourcecode.swift; path = ObjectValidator.swift; sourceTree = "<group>"; };
		7E494390273FD04100A58E40 /* LoadingView.swift */ = {isa = PBXFileReference; lastKnownFileType = sourcecode.swift; path = LoadingView.swift; sourceTree = "<group>"; };
		7E494395273FE70600A58E40 /* FlickrItemCollectionViewCell.swift */ = {isa = PBXFileReference; lastKnownFileType = sourcecode.swift; path = FlickrItemCollectionViewCell.swift; sourceTree = "<group>"; };
		7E494397273FE73000A58E40 /* FlickrItemCollectionViewCell.xib */ = {isa = PBXFileReference; lastKnownFileType = file.xib; path = FlickrItemCollectionViewCell.xib; sourceTree = "<group>"; };
		7E49439C273FEE5900A58E40 /* StringExtension.swift */ = {isa = PBXFileReference; lastKnownFileType = sourcecode.swift; path = StringExtension.swift; sourceTree = "<group>"; };
		7E49439E274000BC00A58E40 /* SearchViewModelTest.swift */ = {isa = PBXFileReference; lastKnownFileType = sourcecode.swift; path = SearchViewModelTest.swift; sourceTree = "<group>"; };
		7E4943A82740484900A58E40 /* LoadStatus.swift */ = {isa = PBXFileReference; lastKnownFileType = sourcecode.swift; path = LoadStatus.swift; sourceTree = "<group>"; };
		7E4943AA27405BB000A58E40 /* HistoryCell.swift */ = {isa = PBXFileReference; lastKnownFileType = sourcecode.swift; path = HistoryCell.swift; sourceTree = "<group>"; };
/* End PBXFileReference section */

/* Begin PBXFrameworksBuildPhase section */
		7E49431E273D94D000A58E40 /* Frameworks */ = {
			isa = PBXFrameworksBuildPhase;
			buildActionMask = 2147483647;
			files = (
				7E49439B273FED9300A58E40 /* SDWebImage in Frameworks */,
			);
			runOnlyForDeploymentPostprocessing = 0;
		};
		7E494334273D94D200A58E40 /* Frameworks */ = {
			isa = PBXFrameworksBuildPhase;
			buildActionMask = 2147483647;
			files = (
			);
			runOnlyForDeploymentPostprocessing = 0;
		};
		7E49433E273D94D200A58E40 /* Frameworks */ = {
			isa = PBXFrameworksBuildPhase;
			buildActionMask = 2147483647;
			files = (
			);
			runOnlyForDeploymentPostprocessing = 0;
		};
/* End PBXFrameworksBuildPhase section */

/* Begin PBXGroup section */
		7E494318273D94D000A58E40 = {
			isa = PBXGroup;
			children = (
				7E494323273D94D000A58E40 /* Qardio-flickr */,
				7E49433A273D94D200A58E40 /* Qardio-flickrTests */,
				7E494344273D94D200A58E40 /* Qardio-flickrUITests */,
				7E494322273D94D000A58E40 /* Products */,
			);
			sourceTree = "<group>";
		};
		7E494322273D94D000A58E40 /* Products */ = {
			isa = PBXGroup;
			children = (
				7E494321273D94D000A58E40 /* Qardio-flickr.app */,
				7E494337273D94D200A58E40 /* Qardio-flickrTests.xctest */,
				7E494341273D94D200A58E40 /* Qardio-flickrUITests.xctest */,
			);
			name = Products;
			sourceTree = "<group>";
		};
		7E494323273D94D000A58E40 /* Qardio-flickr */ = {
			isa = PBXGroup;
			children = (
				7E49438F273FD02700A58E40 /* Views */,
				7E494388273FB15700A58E40 /* Extensions */,
				7E494382273F3AA300A58E40 /* Helpers */,
				7E49437B273F2D6300A58E40 /* Controllers */,
				7E494354273D9A8400A58E40 /* API */,
				7E494324273D94D000A58E40 /* AppDelegate.swift */,
				7E494326273D94D000A58E40 /* SceneDelegate.swift */,
				7E49432A273D94D000A58E40 /* Main.storyboard */,
				7E49432D273D94D200A58E40 /* Assets.xcassets */,
				7E49432F273D94D200A58E40 /* LaunchScreen.storyboard */,
				7E494332273D94D200A58E40 /* Info.plist */,
			);
			path = "Qardio-flickr";
			sourceTree = "<group>";
		};
		7E49433A273D94D200A58E40 /* Qardio-flickrTests */ = {
			isa = PBXGroup;
			children = (
				7E494377273F1DC200A58E40 /* Content.json */,
				7E494366273EB68700A58E40 /* ItemsRequestTest.swift */,
				7E49439E274000BC00A58E40 /* SearchViewModelTest.swift */,
			);
			path = "Qardio-flickrTests";
			sourceTree = "<group>";
		};
		7E494344273D94D200A58E40 /* Qardio-flickrUITests */ = {
			isa = PBXGroup;
			children = (
				7E494345273D94D200A58E40 /* Qardio_flickrUITests.swift */,
				7E494347273D94D200A58E40 /* Qardio_flickrUITestsLaunchTests.swift */,
			);
			path = "Qardio-flickrUITests";
			sourceTree = "<group>";
		};
		7E494354273D9A8400A58E40 /* API */ = {
			isa = PBXGroup;
			children = (
				7E494385273F44B300A58E40 /* Services */,
				7E494368273EB6CA00A58E40 /* Mocks */,
				7E494363273E9A7800A58E40 /* Models */,
				7E494360273DE6F200A58E40 /* Objects */,
				7E494358273DA82C00A58E40 /* Enum */,
				7E494355273D9AAE00A58E40 /* Protocols */,
			);
			path = API;
			sourceTree = "<group>";
		};
		7E494355273D9AAE00A58E40 /* Protocols */ = {
			isa = PBXGroup;
			children = (
				7E494356273D9AE500A58E40 /* Service.swift */,
				7E49436D273ED9C100A58E40 /* URLSessionProtocol.swift */,
				7E49436F273ED9D300A58E40 /* URLDataTaskProtocol.swift */,
			);
			path = Protocols;
			sourceTree = "<group>";
		};
		7E494358273DA82C00A58E40 /* Enum */ = {
			isa = PBXGroup;
			children = (
				7E494359273DA86E00A58E40 /* Result.swift */,
				7E49435B273DADED00A58E40 /* APIError.swift */,
				7E49438D273FBF0700A58E40 /* ObjectValidator.swift */,
			);
			path = Enum;
			sourceTree = "<group>";
		};
		7E494360273DE6F200A58E40 /* Objects */ = {
			isa = PBXGroup;
			children = (
				7E494361273DE7B900A58E40 /* RequestBuilder.swift */,
			);
			path = Objects;
			sourceTree = "<group>";
		};
		7E494363273E9A7800A58E40 /* Models */ = {
			isa = PBXGroup;
			children = (
				7E494364273E9AA200A58E40 /* FlickrItem.swift */,
				7E494373273F055100A58E40 /* SearchItem.swift */,
				7E494379273F1F6500A58E40 /* PhotosData.swift */,
			);
			path = Models;
			sourceTree = "<group>";
		};
		7E494368273EB6CA00A58E40 /* Mocks */ = {
			isa = PBXGroup;
			children = (
				7E494369273EB6E800A58E40 /* MockSession.swift */,
				7E49436B273EB70C00A58E40 /* MockTask.swift */,
				7E494371273EE98600A58E40 /* ItemsListMockService.swift */,
			);
			path = Mocks;
			sourceTree = "<group>";
		};
		7E49437B273F2D6300A58E40 /* Controllers */ = {
			isa = PBXGroup;
			children = (
				7E49437C273F2D8600A58E40 /* SearchViewController */,
			);
			path = Controllers;
			sourceTree = "<group>";
		};
		7E49437C273F2D8600A58E40 /* SearchViewController */ = {
			isa = PBXGroup;
			children = (
				7E49437D273F2DD900A58E40 /* SearchCollectionViewController.swift */,
				7E49437F273F302C00A58E40 /* ViewModel */,
			);
			path = SearchViewController;
			sourceTree = "<group>";
		};
		7E49437F273F302C00A58E40 /* ViewModel */ = {
			isa = PBXGroup;
			children = (
				7E494380273F304900A58E40 /* SearchViewModel.swift */,
			);
			path = ViewModel;
			sourceTree = "<group>";
		};
		7E494382273F3AA300A58E40 /* Helpers */ = {
			isa = PBXGroup;
			children = (
				7E494383273F3AB300A58E40 /* AppConfigration.swift */,
				7E4943A82740484900A58E40 /* LoadStatus.swift */,
			);
			path = Helpers;
			sourceTree = "<group>";
		};
		7E494385273F44B300A58E40 /* Services */ = {
			isa = PBXGroup;
			children = (
				7E494386273F44CC00A58E40 /* SearchService.swift */,
			);
			path = Services;
			sourceTree = "<group>";
		};
		7E494388273FB15700A58E40 /* Extensions */ = {
			isa = PBXGroup;
			children = (
				7E494389273FB16D00A58E40 /* DictionaryExtension.swift */,
				7E49439C273FEE5900A58E40 /* StringExtension.swift */,
			);
			path = Extensions;
			sourceTree = "<group>";
		};
		7E49438F273FD02700A58E40 /* Views */ = {
			isa = PBXGroup;
			children = (
				7E494394273FE6D000A58E40 /* CollectionViewCells */,
				7E494390273FD04100A58E40 /* LoadingView.swift */,
			);
			path = Views;
			sourceTree = "<group>";
		};
		7E494394273FE6D000A58E40 /* CollectionViewCells */ = {
			isa = PBXGroup;
			children = (
				7E494395273FE70600A58E40 /* FlickrItemCollectionViewCell.swift */,
				7E494397273FE73000A58E40 /* FlickrItemCollectionViewCell.xib */,
				7E4943AA27405BB000A58E40 /* HistoryCell.swift */,
			);
			path = CollectionViewCells;
			sourceTree = "<group>";
		};
/* End PBXGroup section */

/* Begin PBXNativeTarget section */
		7E494320273D94D000A58E40 /* Qardio-flickr */ = {
			isa = PBXNativeTarget;
			buildConfigurationList = 7E49434B273D94D200A58E40 /* Build configuration list for PBXNativeTarget "Qardio-flickr" */;
			buildPhases = (
				7E49431D273D94D000A58E40 /* Sources */,
				7E49431E273D94D000A58E40 /* Frameworks */,
				7E49431F273D94D000A58E40 /* Resources */,
			);
			buildRules = (
			);
			dependencies = (
			);
			name = "Qardio-flickr";
			packageProductDependencies = (
				7E49439A273FED9300A58E40 /* SDWebImage */,
			);
			productName = "Qardio-flickr";
			productReference = 7E494321273D94D000A58E40 /* Qardio-flickr.app */;
			productType = "com.apple.product-type.application";
		};
		7E494336273D94D200A58E40 /* Qardio-flickrTests */ = {
			isa = PBXNativeTarget;
			buildConfigurationList = 7E49434E273D94D200A58E40 /* Build configuration list for PBXNativeTarget "Qardio-flickrTests" */;
			buildPhases = (
				7E494333273D94D200A58E40 /* Sources */,
				7E494334273D94D200A58E40 /* Frameworks */,
				7E494335273D94D200A58E40 /* Resources */,
			);
			buildRules = (
			);
			dependencies = (
				7E494339273D94D200A58E40 /* PBXTargetDependency */,
			);
			name = "Qardio-flickrTests";
			productName = "Qardio-flickrTests";
			productReference = 7E494337273D94D200A58E40 /* Qardio-flickrTests.xctest */;
			productType = "com.apple.product-type.bundle.unit-test";
		};
		7E494340273D94D200A58E40 /* Qardio-flickrUITests */ = {
			isa = PBXNativeTarget;
			buildConfigurationList = 7E494351273D94D200A58E40 /* Build configuration list for PBXNativeTarget "Qardio-flickrUITests" */;
			buildPhases = (
				7E49433D273D94D200A58E40 /* Sources */,
				7E49433E273D94D200A58E40 /* Frameworks */,
				7E49433F273D94D200A58E40 /* Resources */,
			);
			buildRules = (
			);
			dependencies = (
				7E494343273D94D200A58E40 /* PBXTargetDependency */,
			);
			name = "Qardio-flickrUITests";
			productName = "Qardio-flickrUITests";
			productReference = 7E494341273D94D200A58E40 /* Qardio-flickrUITests.xctest */;
			productType = "com.apple.product-type.bundle.ui-testing";
		};
/* End PBXNativeTarget section */

/* Begin PBXProject section */
		7E494319273D94D000A58E40 /* Project object */ = {
			isa = PBXProject;
			attributes = {
				BuildIndependentTargetsInParallel = 1;
				LastSwiftUpdateCheck = 1300;
				LastUpgradeCheck = 1300;
				TargetAttributes = {
					7E494320273D94D000A58E40 = {
						CreatedOnToolsVersion = 13.0;
					};
					7E494336273D94D200A58E40 = {
						CreatedOnToolsVersion = 13.0;
						TestTargetID = 7E494320273D94D000A58E40;
					};
					7E494340273D94D200A58E40 = {
						CreatedOnToolsVersion = 13.0;
						TestTargetID = 7E494320273D94D000A58E40;
					};
				};
			};
			buildConfigurationList = 7E49431C273D94D000A58E40 /* Build configuration list for PBXProject "Qardio-flickr" */;
			compatibilityVersion = "Xcode 13.0";
			developmentRegion = en;
			hasScannedForEncodings = 0;
			knownRegions = (
				en,
				Base,
			);
			mainGroup = 7E494318273D94D000A58E40;
			packageReferences = (
				7E494399273FED9200A58E40 /* XCRemoteSwiftPackageReference "SDWebImage" */,
			);
			productRefGroup = 7E494322273D94D000A58E40 /* Products */;
			projectDirPath = "";
			projectRoot = "";
			targets = (
				7E494320273D94D000A58E40 /* Qardio-flickr */,
				7E494336273D94D200A58E40 /* Qardio-flickrTests */,
				7E494340273D94D200A58E40 /* Qardio-flickrUITests */,
			);
		};
/* End PBXProject section */

/* Begin PBXResourcesBuildPhase section */
		7E49431F273D94D000A58E40 /* Resources */ = {
			isa = PBXResourcesBuildPhase;
			buildActionMask = 2147483647;
			files = (
				7E494398273FE73000A58E40 /* FlickrItemCollectionViewCell.xib in Resources */,
				7E494331273D94D200A58E40 /* LaunchScreen.storyboard in Resources */,
				7E49432E273D94D200A58E40 /* Assets.xcassets in Resources */,
				7E49432C273D94D000A58E40 /* Main.storyboard in Resources */,
			);
			runOnlyForDeploymentPostprocessing = 0;
		};
		7E494335273D94D200A58E40 /* Resources */ = {
			isa = PBXResourcesBuildPhase;
			buildActionMask = 2147483647;
			files = (
				7E494378273F1DC200A58E40 /* Content.json in Resources */,
			);
			runOnlyForDeploymentPostprocessing = 0;
		};
		7E49433F273D94D200A58E40 /* Resources */ = {
			isa = PBXResourcesBuildPhase;
			buildActionMask = 2147483647;
			files = (
			);
			runOnlyForDeploymentPostprocessing = 0;
		};
/* End PBXResourcesBuildPhase section */

/* Begin PBXSourcesBuildPhase section */
		7E49431D273D94D000A58E40 /* Sources */ = {
			isa = PBXSourcesBuildPhase;
			buildActionMask = 2147483647;
			files = (
				7E49436E273ED9C100A58E40 /* URLSessionProtocol.swift in Sources */,
				7E494396273FE70600A58E40 /* FlickrItemCollectionViewCell.swift in Sources */,
				7E494365273E9AA200A58E40 /* FlickrItem.swift in Sources */,
				7E4943A92740484900A58E40 /* LoadStatus.swift in Sources */,
				7E494381273F304900A58E40 /* SearchViewModel.swift in Sources */,
				7E49437A273F1F6500A58E40 /* PhotosData.swift in Sources */,
				7E494325273D94D000A58E40 /* AppDelegate.swift in Sources */,
				7E494391273FD04100A58E40 /* LoadingView.swift in Sources */,
				7E49436A273EB6E800A58E40 /* MockSession.swift in Sources */,
				7E494327273D94D000A58E40 /* SceneDelegate.swift in Sources */,
				7E494370273ED9D300A58E40 /* URLDataTaskProtocol.swift in Sources */,
				7E49438E273FBF0700A58E40 /* ObjectValidator.swift in Sources */,
				7E494372273EE98600A58E40 /* ItemsListMockService.swift in Sources */,
				7E494387273F44CC00A58E40 /* SearchService.swift in Sources */,
				7E49436C273EB70C00A58E40 /* MockTask.swift in Sources */,
				7E4943AB27405BB000A58E40 /* HistoryCell.swift in Sources */,
				7E49435A273DA86E00A58E40 /* Result.swift in Sources */,
				7E49437E273F2DD900A58E40 /* SearchCollectionViewController.swift in Sources */,
				7E494384273F3AB300A58E40 /* AppConfigration.swift in Sources */,
				7E494362273DE7B900A58E40 /* RequestBuilder.swift in Sources */,
				7E49438A273FB16D00A58E40 /* DictionaryExtension.swift in Sources */,
				7E49439D273FEE5900A58E40 /* StringExtension.swift in Sources */,
				7E49435C273DADED00A58E40 /* APIError.swift in Sources */,
				7E494357273D9AE500A58E40 /* Service.swift in Sources */,
				7E494374273F055100A58E40 /* SearchItem.swift in Sources */,
			);
			runOnlyForDeploymentPostprocessing = 0;
		};
		7E494333273D94D200A58E40 /* Sources */ = {
			isa = PBXSourcesBuildPhase;
			buildActionMask = 2147483647;
			files = (
				7E49439F274000BC00A58E40 /* SearchViewModelTest.swift in Sources */,
				7E494367273EB68700A58E40 /* ItemsRequestTest.swift in Sources */,
			);
			runOnlyForDeploymentPostprocessing = 0;
		};
		7E49433D273D94D200A58E40 /* Sources */ = {
			isa = PBXSourcesBuildPhase;
			buildActionMask = 2147483647;
			files = (
				7E494346273D94D200A58E40 /* Qardio_flickrUITests.swift in Sources */,
				7E494348273D94D200A58E40 /* Qardio_flickrUITestsLaunchTests.swift in Sources */,
			);
			runOnlyForDeploymentPostprocessing = 0;
		};
/* End PBXSourcesBuildPhase section */

/* Begin PBXTargetDependency section */
		7E494339273D94D200A58E40 /* PBXTargetDependency */ = {
			isa = PBXTargetDependency;
			target = 7E494320273D94D000A58E40 /* Qardio-flickr */;
			targetProxy = 7E494338273D94D200A58E40 /* PBXContainerItemProxy */;
		};
		7E494343273D94D200A58E40 /* PBXTargetDependency */ = {
			isa = PBXTargetDependency;
			target = 7E494320273D94D000A58E40 /* Qardio-flickr */;
			targetProxy = 7E494342273D94D200A58E40 /* PBXContainerItemProxy */;
		};
/* End PBXTargetDependency section */

/* Begin PBXVariantGroup section */
		7E49432A273D94D000A58E40 /* Main.storyboard */ = {
			isa = PBXVariantGroup;
			children = (
				7E49432B273D94D000A58E40 /* Base */,
			);
			name = Main.storyboard;
			sourceTree = "<group>";
		};
		7E49432F273D94D200A58E40 /* LaunchScreen.storyboard */ = {
			isa = PBXVariantGroup;
			children = (
				7E494330273D94D200A58E40 /* Base */,
			);
			name = LaunchScreen.storyboard;
			sourceTree = "<group>";
		};
/* End PBXVariantGroup section */

/* Begin XCBuildConfiguration section */
		7E494349273D94D200A58E40 /* Debug */ = {
			isa = XCBuildConfiguration;
			buildSettings = {
				ALWAYS_SEARCH_USER_PATHS = NO;
				CLANG_ANALYZER_NONNULL = YES;
				CLANG_ANALYZER_NUMBER_OBJECT_CONVERSION = YES_AGGRESSIVE;
				CLANG_CXX_LANGUAGE_STANDARD = "gnu++17";
				CLANG_CXX_LIBRARY = "libc++";
				CLANG_ENABLE_MODULES = YES;
				CLANG_ENABLE_OBJC_ARC = YES;
				CLANG_ENABLE_OBJC_WEAK = YES;
				CLANG_WARN_BLOCK_CAPTURE_AUTORELEASING = YES;
				CLANG_WARN_BOOL_CONVERSION = YES;
				CLANG_WARN_COMMA = YES;
				CLANG_WARN_CONSTANT_CONVERSION = YES;
				CLANG_WARN_DEPRECATED_OBJC_IMPLEMENTATIONS = YES;
				CLANG_WARN_DIRECT_OBJC_ISA_USAGE = YES_ERROR;
				CLANG_WARN_DOCUMENTATION_COMMENTS = YES;
				CLANG_WARN_EMPTY_BODY = YES;
				CLANG_WARN_ENUM_CONVERSION = YES;
				CLANG_WARN_INFINITE_RECURSION = YES;
				CLANG_WARN_INT_CONVERSION = YES;
				CLANG_WARN_NON_LITERAL_NULL_CONVERSION = YES;
				CLANG_WARN_OBJC_IMPLICIT_RETAIN_SELF = YES;
				CLANG_WARN_OBJC_LITERAL_CONVERSION = YES;
				CLANG_WARN_OBJC_ROOT_CLASS = YES_ERROR;
				CLANG_WARN_QUOTED_INCLUDE_IN_FRAMEWORK_HEADER = YES;
				CLANG_WARN_RANGE_LOOP_ANALYSIS = YES;
				CLANG_WARN_STRICT_PROTOTYPES = YES;
				CLANG_WARN_SUSPICIOUS_MOVE = YES;
				CLANG_WARN_UNGUARDED_AVAILABILITY = YES_AGGRESSIVE;
				CLANG_WARN_UNREACHABLE_CODE = YES;
				CLANG_WARN__DUPLICATE_METHOD_MATCH = YES;
				COPY_PHASE_STRIP = NO;
				DEBUG_INFORMATION_FORMAT = dwarf;
				ENABLE_STRICT_OBJC_MSGSEND = YES;
				ENABLE_TESTABILITY = YES;
				GCC_C_LANGUAGE_STANDARD = gnu11;
				GCC_DYNAMIC_NO_PIC = NO;
				GCC_NO_COMMON_BLOCKS = YES;
				GCC_OPTIMIZATION_LEVEL = 0;
				GCC_PREPROCESSOR_DEFINITIONS = (
					"DEBUG=1",
					"$(inherited)",
				);
				GCC_WARN_64_TO_32_BIT_CONVERSION = YES;
				GCC_WARN_ABOUT_RETURN_TYPE = YES_ERROR;
				GCC_WARN_UNDECLARED_SELECTOR = YES;
				GCC_WARN_UNINITIALIZED_AUTOS = YES_AGGRESSIVE;
				GCC_WARN_UNUSED_FUNCTION = YES;
				GCC_WARN_UNUSED_VARIABLE = YES;
				IPHONEOS_DEPLOYMENT_TARGET = 15.0;
				MTL_ENABLE_DEBUG_INFO = INCLUDE_SOURCE;
				MTL_FAST_MATH = YES;
				ONLY_ACTIVE_ARCH = YES;
				SDKROOT = iphoneos;
				SWIFT_ACTIVE_COMPILATION_CONDITIONS = DEBUG;
				SWIFT_OPTIMIZATION_LEVEL = "-Onone";
			};
			name = Debug;
		};
		7E49434A273D94D200A58E40 /* Release */ = {
			isa = XCBuildConfiguration;
			buildSettings = {
				ALWAYS_SEARCH_USER_PATHS = NO;
				CLANG_ANALYZER_NONNULL = YES;
				CLANG_ANALYZER_NUMBER_OBJECT_CONVERSION = YES_AGGRESSIVE;
				CLANG_CXX_LANGUAGE_STANDARD = "gnu++17";
				CLANG_CXX_LIBRARY = "libc++";
				CLANG_ENABLE_MODULES = YES;
				CLANG_ENABLE_OBJC_ARC = YES;
				CLANG_ENABLE_OBJC_WEAK = YES;
				CLANG_WARN_BLOCK_CAPTURE_AUTORELEASING = YES;
				CLANG_WARN_BOOL_CONVERSION = YES;
				CLANG_WARN_COMMA = YES;
				CLANG_WARN_CONSTANT_CONVERSION = YES;
				CLANG_WARN_DEPRECATED_OBJC_IMPLEMENTATIONS = YES;
				CLANG_WARN_DIRECT_OBJC_ISA_USAGE = YES_ERROR;
				CLANG_WARN_DOCUMENTATION_COMMENTS = YES;
				CLANG_WARN_EMPTY_BODY = YES;
				CLANG_WARN_ENUM_CONVERSION = YES;
				CLANG_WARN_INFINITE_RECURSION = YES;
				CLANG_WARN_INT_CONVERSION = YES;
				CLANG_WARN_NON_LITERAL_NULL_CONVERSION = YES;
				CLANG_WARN_OBJC_IMPLICIT_RETAIN_SELF = YES;
				CLANG_WARN_OBJC_LITERAL_CONVERSION = YES;
				CLANG_WARN_OBJC_ROOT_CLASS = YES_ERROR;
				CLANG_WARN_QUOTED_INCLUDE_IN_FRAMEWORK_HEADER = YES;
				CLANG_WARN_RANGE_LOOP_ANALYSIS = YES;
				CLANG_WARN_STRICT_PROTOTYPES = YES;
				CLANG_WARN_SUSPICIOUS_MOVE = YES;
				CLANG_WARN_UNGUARDED_AVAILABILITY = YES_AGGRESSIVE;
				CLANG_WARN_UNREACHABLE_CODE = YES;
				CLANG_WARN__DUPLICATE_METHOD_MATCH = YES;
				COPY_PHASE_STRIP = NO;
				DEBUG_INFORMATION_FORMAT = "dwarf-with-dsym";
				ENABLE_NS_ASSERTIONS = NO;
				ENABLE_STRICT_OBJC_MSGSEND = YES;
				GCC_C_LANGUAGE_STANDARD = gnu11;
				GCC_NO_COMMON_BLOCKS = YES;
				GCC_WARN_64_TO_32_BIT_CONVERSION = YES;
				GCC_WARN_ABOUT_RETURN_TYPE = YES_ERROR;
				GCC_WARN_UNDECLARED_SELECTOR = YES;
				GCC_WARN_UNINITIALIZED_AUTOS = YES_AGGRESSIVE;
				GCC_WARN_UNUSED_FUNCTION = YES;
				GCC_WARN_UNUSED_VARIABLE = YES;
				IPHONEOS_DEPLOYMENT_TARGET = 15.0;
				MTL_ENABLE_DEBUG_INFO = NO;
				MTL_FAST_MATH = YES;
				SDKROOT = iphoneos;
				SWIFT_COMPILATION_MODE = wholemodule;
				SWIFT_OPTIMIZATION_LEVEL = "-O";
				VALIDATE_PRODUCT = YES;
			};
			name = Release;
		};
		7E49434C273D94D200A58E40 /* Debug */ = {
			isa = XCBuildConfiguration;
			buildSettings = {
				ASSETCATALOG_COMPILER_APPICON_NAME = AppIcon;
				ASSETCATALOG_COMPILER_GLOBAL_ACCENT_COLOR_NAME = AccentColor;
				CODE_SIGN_STYLE = Automatic;
				CURRENT_PROJECT_VERSION = 1;
				GENERATE_INFOPLIST_FILE = YES;
				INFOPLIST_FILE = "Qardio-flickr/Info.plist";
				INFOPLIST_KEY_UIApplicationSupportsIndirectInputEvents = YES;
				INFOPLIST_KEY_UILaunchStoryboardName = LaunchScreen;
				INFOPLIST_KEY_UIMainStoryboardFile = Main;
				INFOPLIST_KEY_UISupportedInterfaceOrientations_iPad = "UIInterfaceOrientationPortrait UIInterfaceOrientationPortraitUpsideDown UIInterfaceOrientationLandscapeLeft UIInterfaceOrientationLandscapeRight";
				INFOPLIST_KEY_UISupportedInterfaceOrientations_iPhone = "UIInterfaceOrientationPortrait UIInterfaceOrientationLandscapeLeft UIInterfaceOrientationLandscapeRight";
				LD_RUNPATH_SEARCH_PATHS = (
					"$(inherited)",
					"@executable_path/Frameworks",
				);
				MARKETING_VERSION = 1.0;
				PRODUCT_BUNDLE_IDENTIFIER = "com.Qardio.assignment-flickr";
				PRODUCT_NAME = "$(TARGET_NAME)";
				SWIFT_EMIT_LOC_STRINGS = YES;
				SWIFT_VERSION = 5.0;
				TARGETED_DEVICE_FAMILY = "1,2";
			};
			name = Debug;
		};
		7E49434D273D94D200A58E40 /* Release */ = {
			isa = XCBuildConfiguration;
			buildSettings = {
				ASSETCATALOG_COMPILER_APPICON_NAME = AppIcon;
				ASSETCATALOG_COMPILER_GLOBAL_ACCENT_COLOR_NAME = AccentColor;
				CODE_SIGN_STYLE = Automatic;
				CURRENT_PROJECT_VERSION = 1;
				GENERATE_INFOPLIST_FILE = YES;
				INFOPLIST_FILE = "Qardio-flickr/Info.plist";
				INFOPLIST_KEY_UIApplicationSupportsIndirectInputEvents = YES;
				INFOPLIST_KEY_UILaunchStoryboardName = LaunchScreen;
				INFOPLIST_KEY_UIMainStoryboardFile = Main;
				INFOPLIST_KEY_UISupportedInterfaceOrientations_iPad = "UIInterfaceOrientationPortrait UIInterfaceOrientationPortraitUpsideDown UIInterfaceOrientationLandscapeLeft UIInterfaceOrientationLandscapeRight";
				INFOPLIST_KEY_UISupportedInterfaceOrientations_iPhone = "UIInterfaceOrientationPortrait UIInterfaceOrientationLandscapeLeft UIInterfaceOrientationLandscapeRight";
				LD_RUNPATH_SEARCH_PATHS = (
					"$(inherited)",
					"@executable_path/Frameworks",
				);
				MARKETING_VERSION = 1.0;
				PRODUCT_BUNDLE_IDENTIFIER = "com.Qardio.assignment-flickr";
				PRODUCT_NAME = "$(TARGET_NAME)";
				SWIFT_EMIT_LOC_STRINGS = YES;
				SWIFT_VERSION = 5.0;
				TARGETED_DEVICE_FAMILY = "1,2";
			};
			name = Release;
		};
		7E49434F273D94D200A58E40 /* Debug */ = {
			isa = XCBuildConfiguration;
			buildSettings = {
				ALWAYS_EMBED_SWIFT_STANDARD_LIBRARIES = YES;
				BUNDLE_LOADER = "$(TEST_HOST)";
				CODE_SIGN_STYLE = Automatic;
				CURRENT_PROJECT_VERSION = 1;
				GENERATE_INFOPLIST_FILE = YES;
				IPHONEOS_DEPLOYMENT_TARGET = 15.0;
				LD_RUNPATH_SEARCH_PATHS = (
					"$(inherited)",
					"@executable_path/Frameworks",
					"@loader_path/Frameworks",
				);
				MARKETING_VERSION = 1.0;
				PRODUCT_BUNDLE_IDENTIFIER = "com.assignment.Qardio-flickrTests";
				PRODUCT_NAME = "$(TARGET_NAME)";
				SWIFT_EMIT_LOC_STRINGS = NO;
				SWIFT_VERSION = 5.0;
				TARGETED_DEVICE_FAMILY = "1,2";
				TEST_HOST = "$(BUILT_PRODUCTS_DIR)/Qardio-flickr.app/Qardio-flickr";
			};
			name = Debug;
		};
		7E494350273D94D200A58E40 /* Release */ = {
			isa = XCBuildConfiguration;
			buildSettings = {
				ALWAYS_EMBED_SWIFT_STANDARD_LIBRARIES = YES;
				BUNDLE_LOADER = "$(TEST_HOST)";
				CODE_SIGN_STYLE = Automatic;
				CURRENT_PROJECT_VERSION = 1;
				GENERATE_INFOPLIST_FILE = YES;
				IPHONEOS_DEPLOYMENT_TARGET = 15.0;
				LD_RUNPATH_SEARCH_PATHS = (
					"$(inherited)",
					"@executable_path/Frameworks",
					"@loader_path/Frameworks",
				);
				MARKETING_VERSION = 1.0;
				PRODUCT_BUNDLE_IDENTIFIER = "com.assignment.Qardio-flickrTests";
				PRODUCT_NAME = "$(TARGET_NAME)";
				SWIFT_EMIT_LOC_STRINGS = NO;
				SWIFT_VERSION = 5.0;
				TARGETED_DEVICE_FAMILY = "1,2";
				TEST_HOST = "$(BUILT_PRODUCTS_DIR)/Qardio-flickr.app/Qardio-flickr";
			};
			name = Release;
		};
		7E494352273D94D200A58E40 /* Debug */ = {
			isa = XCBuildConfiguration;
			buildSettings = {
				ALWAYS_EMBED_SWIFT_STANDARD_LIBRARIES = YES;
				CODE_SIGN_STYLE = Automatic;
				CURRENT_PROJECT_VERSION = 1;
				GENERATE_INFOPLIST_FILE = YES;
				LD_RUNPATH_SEARCH_PATHS = (
					"$(inherited)",
					"@executable_path/Frameworks",
					"@loader_path/Frameworks",
				);
				MARKETING_VERSION = 1.0;
				PRODUCT_BUNDLE_IDENTIFIER = "com.assignment.Qardio-flickrUITests";
				PRODUCT_NAME = "$(TARGET_NAME)";
				SWIFT_EMIT_LOC_STRINGS = NO;
				SWIFT_VERSION = 5.0;
				TARGETED_DEVICE_FAMILY = "1,2";
				TEST_TARGET_NAME = "Qardio-flickr";
			};
			name = Debug;
		};
		7E494353273D94D200A58E40 /* Release */ = {
			isa = XCBuildConfiguration;
			buildSettings = {
				ALWAYS_EMBED_SWIFT_STANDARD_LIBRARIES = YES;
				CODE_SIGN_STYLE = Automatic;
				CURRENT_PROJECT_VERSION = 1;
				GENERATE_INFOPLIST_FILE = YES;
				LD_RUNPATH_SEARCH_PATHS = (
					"$(inherited)",
					"@executable_path/Frameworks",
					"@loader_path/Frameworks",
				);
				MARKETING_VERSION = 1.0;
				PRODUCT_BUNDLE_IDENTIFIER = "com.assignment.Qardio-flickrUITests";
				PRODUCT_NAME = "$(TARGET_NAME)";
				SWIFT_EMIT_LOC_STRINGS = NO;
				SWIFT_VERSION = 5.0;
				TARGETED_DEVICE_FAMILY = "1,2";
				TEST_TARGET_NAME = "Qardio-flickr";
			};
			name = Release;
		};
/* End XCBuildConfiguration section */

/* Begin XCConfigurationList section */
		7E49431C273D94D000A58E40 /* Build configuration list for PBXProject "Qardio-flickr" */ = {
			isa = XCConfigurationList;
			buildConfigurations = (
				7E494349273D94D200A58E40 /* Debug */,
				7E49434A273D94D200A58E40 /* Release */,
			);
			defaultConfigurationIsVisible = 0;
			defaultConfigurationName = Release;
		};
		7E49434B273D94D200A58E40 /* Build configuration list for PBXNativeTarget "Qardio-flickr" */ = {
			isa = XCConfigurationList;
			buildConfigurations = (
				7E49434C273D94D200A58E40 /* Debug */,
				7E49434D273D94D200A58E40 /* Release */,
			);
			defaultConfigurationIsVisible = 0;
			defaultConfigurationName = Release;
		};
		7E49434E273D94D200A58E40 /* Build configuration list for PBXNativeTarget "Qardio-flickrTests" */ = {
			isa = XCConfigurationList;
			buildConfigurations = (
				7E49434F273D94D200A58E40 /* Debug */,
				7E494350273D94D200A58E40 /* Release */,
			);
			defaultConfigurationIsVisible = 0;
			defaultConfigurationName = Release;
		};
		7E494351273D94D200A58E40 /* Build configuration list for PBXNativeTarget "Qardio-flickrUITests" */ = {
			isa = XCConfigurationList;
			buildConfigurations = (
				7E494352273D94D200A58E40 /* Debug */,
				7E494353273D94D200A58E40 /* Release */,
			);
			defaultConfigurationIsVisible = 0;
			defaultConfigurationName = Release;
		};
/* End XCConfigurationList section */

/* Begin XCRemoteSwiftPackageReference section */
		7E494399273FED9200A58E40 /* XCRemoteSwiftPackageReference "SDWebImage" */ = {
			isa = XCRemoteSwiftPackageReference;
			repositoryURL = "https://github.com/SDWebImage/SDWebImage.git";
			requirement = {
				branch = master;
				kind = branch;
			};
		};
/* End XCRemoteSwiftPackageReference section */

/* Begin XCSwiftPackageProductDependency section */
		7E49439A273FED9300A58E40 /* SDWebImage */ = {
			isa = XCSwiftPackageProductDependency;
			package = 7E494399273FED9200A58E40 /* XCRemoteSwiftPackageReference "SDWebImage" */;
			productName = SDWebImage;
		};
/* End XCSwiftPackageProductDependency section */
	};
	rootObject = 7E494319273D94D000A58E40 /* Project object */;
}
